// !$*UTF8*$!
{
	archiveVersion = 1;
	classes = {
	};
	objectVersion = 46;
	objects = {

/* Begin PBXBuildFile section */
		5F80B4B63F5FB1E1D0BD68FE /* libPods-GummyMe.a in Frameworks */ = {isa = PBXBuildFile; fileRef = D82DC2F0235BEE109D667C62 /* libPods-GummyMe.a */; };
		D95C1D881B9D5DDD00B83DC9 /* AppDelegate.swift in Sources */ = {isa = PBXBuildFile; fileRef = D95C1D871B9D5DDD00B83DC9 /* AppDelegate.swift */; };
		D95C1D8D1B9D5DDD00B83DC9 /* Main.storyboard in Resources */ = {isa = PBXBuildFile; fileRef = D95C1D8B1B9D5DDD00B83DC9 /* Main.storyboard */; };
		D95C1D8F1B9D5DDD00B83DC9 /* Assets.xcassets in Resources */ = {isa = PBXBuildFile; fileRef = D95C1D8E1B9D5DDD00B83DC9 /* Assets.xcassets */; };
		D95C1D921B9D5DDD00B83DC9 /* LaunchScreen.storyboard in Resources */ = {isa = PBXBuildFile; fileRef = D95C1D901B9D5DDD00B83DC9 /* LaunchScreen.storyboard */; };
		D95C1D9A1B9D5E7400B83DC9 /* HomeViewController.swift in Sources */ = {isa = PBXBuildFile; fileRef = D95C1D991B9D5E7400B83DC9 /* HomeViewController.swift */; };
		D95C1D9E1B9D62BA00B83DC9 /* himara2.jpeg in Resources */ = {isa = PBXBuildFile; fileRef = D95C1D9D1B9D62B900B83DC9 /* himara2.jpeg */; };
		D95C1DA11B9D643A00B83DC9 /* HomeGummyCell.swift in Sources */ = {isa = PBXBuildFile; fileRef = D95C1DA01B9D643A00B83DC9 /* HomeGummyCell.swift */; };
		D95C1DA31B9D64D900B83DC9 /* sours.jpg in Resources */ = {isa = PBXBuildFile; fileRef = D95C1DA21B9D64D900B83DC9 /* sours.jpg */; };
		D95C1DA51B9D68E800B83DC9 /* TabViewController.swift in Sources */ = {isa = PBXBuildFile; fileRef = D95C1DA41B9D68E800B83DC9 /* TabViewController.swift */; };
		D95C1DA71B9D742B00B83DC9 /* NewGummyViewController.swift in Sources */ = {isa = PBXBuildFile; fileRef = D95C1DA61B9D742B00B83DC9 /* NewGummyViewController.swift */; };
		D95C1DA91B9D7A4A00B83DC9 /* ImageNoteCell.swift in Sources */ = {isa = PBXBuildFile; fileRef = D95C1DA81B9D7A4A00B83DC9 /* ImageNoteCell.swift */; };
		D95C1DAE1B9D804A00B83DC9 /* NewGummyInfo.swift in Sources */ = {isa = PBXBuildFile; fileRef = D95C1DAD1B9D804A00B83DC9 /* NewGummyInfo.swift */; };
		D95C1DB11B9D83F300B83DC9 /* DetailViewController.swift in Sources */ = {isa = PBXBuildFile; fileRef = D95C1DB01B9D83F300B83DC9 /* DetailViewController.swift */; };
		D95C1DB51B9D85A500B83DC9 /* DetailImageCell.swift in Sources */ = {isa = PBXBuildFile; fileRef = D95C1DB41B9D85A500B83DC9 /* DetailImageCell.swift */; };
		D95C1DB71B9D87EB00B83DC9 /* ProfileViewController.swift in Sources */ = {isa = PBXBuildFile; fileRef = D95C1DB61B9D87EB00B83DC9 /* ProfileViewController.swift */; };
		D95C1DBA1B9D8D3200B83DC9 /* GummySelectTableViewController.swift in Sources */ = {isa = PBXBuildFile; fileRef = D95C1DB91B9D8D3200B83DC9 /* GummySelectTableViewController.swift */; };
		D96A21871B9DAA8E002C09FD /* AudioToolbox.framework in Frameworks */ = {isa = PBXBuildFile; fileRef = D96A21861B9DAA8E002C09FD /* AudioToolbox.framework */; };
		D96A21891B9DAA92002C09FD /* CFNetwork.framework in Frameworks */ = {isa = PBXBuildFile; fileRef = D96A21881B9DAA92002C09FD /* CFNetwork.framework */; };
		D96A218B1B9DAA98002C09FD /* CoreGraphics.framework in Frameworks */ = {isa = PBXBuildFile; fileRef = D96A218A1B9DAA98002C09FD /* CoreGraphics.framework */; };
		D96A218D1B9DAA9D002C09FD /* CoreLocation.framework in Frameworks */ = {isa = PBXBuildFile; fileRef = D96A218C1B9DAA9D002C09FD /* CoreLocation.framework */; };
		D96A218F1B9DAAA2002C09FD /* QuartzCore.framework in Frameworks */ = {isa = PBXBuildFile; fileRef = D96A218E1B9DAAA2002C09FD /* QuartzCore.framework */; };
		D96A21911B9DAAA7002C09FD /* Security.framework in Frameworks */ = {isa = PBXBuildFile; fileRef = D96A21901B9DAAA7002C09FD /* Security.framework */; };
		D96A21931B9DAAAD002C09FD /* StoreKit.framework in Frameworks */ = {isa = PBXBuildFile; fileRef = D96A21921B9DAAAD002C09FD /* StoreKit.framework */; };
		D96A21951B9DAAB6002C09FD /* SystemConfiguration.framework in Frameworks */ = {isa = PBXBuildFile; fileRef = D96A21941B9DAAB6002C09FD /* SystemConfiguration.framework */; };
		D96A21971B9DAAC6002C09FD /* libz.tbd in Frameworks */ = {isa = PBXBuildFile; fileRef = D96A21961B9DAAC6002C09FD /* libz.tbd */; };
		D96A21991B9DAACC002C09FD /* libsqlite3.tbd in Frameworks */ = {isa = PBXBuildFile; fileRef = D96A21981B9DAACC002C09FD /* libsqlite3.tbd */; };
		D96A219C1B9DAD29002C09FD /* GummyService.swift in Sources */ = {isa = PBXBuildFile; fileRef = D96A219B1B9DAD29002C09FD /* GummyService.swift */; };
		D96A219F1B9DAF1B002C09FD /* SelectTypeCell.swift in Sources */ = {isa = PBXBuildFile; fileRef = D96A219E1B9DAF1B002C09FD /* SelectTypeCell.swift */; };
		D96A21A11B9DB131002C09FD /* ReviewCell.swift in Sources */ = {isa = PBXBuildFile; fileRef = D96A21A01B9DB131002C09FD /* ReviewCell.swift */; };
		D96A21A41B9DD55E002C09FD /* Gummy.swift in Sources */ = {isa = PBXBuildFile; fileRef = D96A21A31B9DD55E002C09FD /* Gummy.swift */; };
		D96A21AA1B9DDCE2002C09FD /* Social.framework in Frameworks */ = {isa = PBXBuildFile; fileRef = D96A21A91B9DDCE2002C09FD /* Social.framework */; };
		D96A21AD1B9DE1CB002C09FD /* Util.swift in Sources */ = {isa = PBXBuildFile; fileRef = D96A21AC1B9DE1CB002C09FD /* Util.swift */; settings = {ASSET_TAGS = (); }; };
/* End PBXBuildFile section */

/* Begin PBXFileReference section */
		CAEBF0E96C7E9147E59F5879 /* Pods-GummyMe.debug.xcconfig */ = {isa = PBXFileReference; includeInIndex = 1; lastKnownFileType = text.xcconfig; name = "Pods-GummyMe.debug.xcconfig"; path = "Pods/Target Support Files/Pods-GummyMe/Pods-GummyMe.debug.xcconfig"; sourceTree = "<group>"; };
		D82DC2F0235BEE109D667C62 /* libPods-GummyMe.a */ = {isa = PBXFileReference; explicitFileType = archive.ar; includeInIndex = 0; path = "libPods-GummyMe.a"; sourceTree = BUILT_PRODUCTS_DIR; };
		D95C1D841B9D5DDD00B83DC9 /* GummyMe.app */ = {isa = PBXFileReference; explicitFileType = wrapper.application; includeInIndex = 0; path = GummyMe.app; sourceTree = BUILT_PRODUCTS_DIR; };
		D95C1D871B9D5DDD00B83DC9 /* AppDelegate.swift */ = {isa = PBXFileReference; lastKnownFileType = sourcecode.swift; path = AppDelegate.swift; sourceTree = "<group>"; };
		D95C1D8C1B9D5DDD00B83DC9 /* Base */ = {isa = PBXFileReference; lastKnownFileType = file.storyboard; name = Base; path = Base.lproj/Main.storyboard; sourceTree = "<group>"; };
		D95C1D8E1B9D5DDD00B83DC9 /* Assets.xcassets */ = {isa = PBXFileReference; lastKnownFileType = folder.assetcatalog; path = Assets.xcassets; sourceTree = "<group>"; };
		D95C1D911B9D5DDD00B83DC9 /* Base */ = {isa = PBXFileReference; lastKnownFileType = file.storyboard; name = Base; path = Base.lproj/LaunchScreen.storyboard; sourceTree = "<group>"; };
		D95C1D931B9D5DDD00B83DC9 /* Info.plist */ = {isa = PBXFileReference; lastKnownFileType = text.plist.xml; path = Info.plist; sourceTree = "<group>"; };
		D95C1D991B9D5E7400B83DC9 /* HomeViewController.swift */ = {isa = PBXFileReference; fileEncoding = 4; lastKnownFileType = sourcecode.swift; path = HomeViewController.swift; sourceTree = "<group>"; };
		D95C1D9D1B9D62B900B83DC9 /* himara2.jpeg */ = {isa = PBXFileReference; lastKnownFileType = image.jpeg; path = himara2.jpeg; sourceTree = "<group>"; };
		D95C1DA01B9D643A00B83DC9 /* HomeGummyCell.swift */ = {isa = PBXFileReference; fileEncoding = 4; lastKnownFileType = sourcecode.swift; path = HomeGummyCell.swift; sourceTree = "<group>"; };
		D95C1DA21B9D64D900B83DC9 /* sours.jpg */ = {isa = PBXFileReference; lastKnownFileType = image.jpeg; path = sours.jpg; sourceTree = "<group>"; };
		D95C1DA41B9D68E800B83DC9 /* TabViewController.swift */ = {isa = PBXFileReference; fileEncoding = 4; lastKnownFileType = sourcecode.swift; path = TabViewController.swift; sourceTree = "<group>"; };
		D95C1DA61B9D742B00B83DC9 /* NewGummyViewController.swift */ = {isa = PBXFileReference; fileEncoding = 4; lastKnownFileType = sourcecode.swift; path = NewGummyViewController.swift; sourceTree = "<group>"; };
		D95C1DA81B9D7A4A00B83DC9 /* ImageNoteCell.swift */ = {isa = PBXFileReference; fileEncoding = 4; lastKnownFileType = sourcecode.swift; path = ImageNoteCell.swift; sourceTree = "<group>"; };
		D95C1DAD1B9D804A00B83DC9 /* NewGummyInfo.swift */ = {isa = PBXFileReference; fileEncoding = 4; lastKnownFileType = sourcecode.swift; path = NewGummyInfo.swift; sourceTree = "<group>"; };
		D95C1DB01B9D83F300B83DC9 /* DetailViewController.swift */ = {isa = PBXFileReference; fileEncoding = 4; lastKnownFileType = sourcecode.swift; path = DetailViewController.swift; sourceTree = "<group>"; };
		D95C1DB41B9D85A500B83DC9 /* DetailImageCell.swift */ = {isa = PBXFileReference; fileEncoding = 4; lastKnownFileType = sourcecode.swift; path = DetailImageCell.swift; sourceTree = "<group>"; };
		D95C1DB61B9D87EB00B83DC9 /* ProfileViewController.swift */ = {isa = PBXFileReference; fileEncoding = 4; lastKnownFileType = sourcecode.swift; path = ProfileViewController.swift; sourceTree = "<group>"; };
		D95C1DB91B9D8D3200B83DC9 /* GummySelectTableViewController.swift */ = {isa = PBXFileReference; fileEncoding = 4; lastKnownFileType = sourcecode.swift; path = GummySelectTableViewController.swift; sourceTree = "<group>"; };
		D96A21861B9DAA8E002C09FD /* AudioToolbox.framework */ = {isa = PBXFileReference; lastKnownFileType = wrapper.framework; name = AudioToolbox.framework; path = System/Library/Frameworks/AudioToolbox.framework; sourceTree = SDKROOT; };
		D96A21881B9DAA92002C09FD /* CFNetwork.framework */ = {isa = PBXFileReference; lastKnownFileType = wrapper.framework; name = CFNetwork.framework; path = System/Library/Frameworks/CFNetwork.framework; sourceTree = SDKROOT; };
		D96A218A1B9DAA98002C09FD /* CoreGraphics.framework */ = {isa = PBXFileReference; lastKnownFileType = wrapper.framework; name = CoreGraphics.framework; path = System/Library/Frameworks/CoreGraphics.framework; sourceTree = SDKROOT; };
		D96A218C1B9DAA9D002C09FD /* CoreLocation.framework */ = {isa = PBXFileReference; lastKnownFileType = wrapper.framework; name = CoreLocation.framework; path = System/Library/Frameworks/CoreLocation.framework; sourceTree = SDKROOT; };
		D96A218E1B9DAAA2002C09FD /* QuartzCore.framework */ = {isa = PBXFileReference; lastKnownFileType = wrapper.framework; name = QuartzCore.framework; path = System/Library/Frameworks/QuartzCore.framework; sourceTree = SDKROOT; };
		D96A21901B9DAAA7002C09FD /* Security.framework */ = {isa = PBXFileReference; lastKnownFileType = wrapper.framework; name = Security.framework; path = System/Library/Frameworks/Security.framework; sourceTree = SDKROOT; };
		D96A21921B9DAAAD002C09FD /* StoreKit.framework */ = {isa = PBXFileReference; lastKnownFileType = wrapper.framework; name = StoreKit.framework; path = System/Library/Frameworks/StoreKit.framework; sourceTree = SDKROOT; };
		D96A21941B9DAAB6002C09FD /* SystemConfiguration.framework */ = {isa = PBXFileReference; lastKnownFileType = wrapper.framework; name = SystemConfiguration.framework; path = System/Library/Frameworks/SystemConfiguration.framework; sourceTree = SDKROOT; };
		D96A21961B9DAAC6002C09FD /* libz.tbd */ = {isa = PBXFileReference; lastKnownFileType = "sourcecode.text-based-dylib-definition"; name = libz.tbd; path = usr/lib/libz.tbd; sourceTree = SDKROOT; };
		D96A21981B9DAACC002C09FD /* libsqlite3.tbd */ = {isa = PBXFileReference; lastKnownFileType = "sourcecode.text-based-dylib-definition"; name = libsqlite3.tbd; path = usr/lib/libsqlite3.tbd; sourceTree = SDKROOT; };
		D96A219B1B9DAD29002C09FD /* GummyService.swift */ = {isa = PBXFileReference; fileEncoding = 4; lastKnownFileType = sourcecode.swift; path = GummyService.swift; sourceTree = "<group>"; };
		D96A219E1B9DAF1B002C09FD /* SelectTypeCell.swift */ = {isa = PBXFileReference; fileEncoding = 4; lastKnownFileType = sourcecode.swift; path = SelectTypeCell.swift; sourceTree = "<group>"; };
		D96A21A01B9DB131002C09FD /* ReviewCell.swift */ = {isa = PBXFileReference; fileEncoding = 4; lastKnownFileType = sourcecode.swift; path = ReviewCell.swift; sourceTree = "<group>"; };
		D96A21A31B9DD55E002C09FD /* Gummy.swift */ = {isa = PBXFileReference; fileEncoding = 4; lastKnownFileType = sourcecode.swift; path = Gummy.swift; sourceTree = "<group>"; };
		D96A21A51B9DDB80002C09FD /* GummyMe-Bridging-Header.h */ = {isa = PBXFileReference; lastKnownFileType = sourcecode.c.h; path = "GummyMe-Bridging-Header.h"; sourceTree = SOURCE_ROOT; };
		D96A21A91B9DDCE2002C09FD /* Social.framework */ = {isa = PBXFileReference; lastKnownFileType = wrapper.framework; name = Social.framework; path = System/Library/Frameworks/Social.framework; sourceTree = SDKROOT; };
		D96A21AC1B9DE1CB002C09FD /* Util.swift */ = {isa = PBXFileReference; fileEncoding = 4; lastKnownFileType = sourcecode.swift; path = Util.swift; sourceTree = "<group>"; };
		DAB64660734F1FB71EA1DF68 /* Pods-GummyMe.release.xcconfig */ = {isa = PBXFileReference; includeInIndex = 1; lastKnownFileType = text.xcconfig; name = "Pods-GummyMe.release.xcconfig"; path = "Pods/Target Support Files/Pods-GummyMe/Pods-GummyMe.release.xcconfig"; sourceTree = "<group>"; };
/* End PBXFileReference section */

/* Begin PBXFrameworksBuildPhase section */
		D95C1D811B9D5DDD00B83DC9 /* Frameworks */ = {
			isa = PBXFrameworksBuildPhase;
			buildActionMask = 2147483647;
			files = (
				D96A21AA1B9DDCE2002C09FD /* Social.framework in Frameworks */,
				D96A21991B9DAACC002C09FD /* libsqlite3.tbd in Frameworks */,
				D96A21971B9DAAC6002C09FD /* libz.tbd in Frameworks */,
				D96A21951B9DAAB6002C09FD /* SystemConfiguration.framework in Frameworks */,
				D96A21931B9DAAAD002C09FD /* StoreKit.framework in Frameworks */,
				D96A21911B9DAAA7002C09FD /* Security.framework in Frameworks */,
				D96A218F1B9DAAA2002C09FD /* QuartzCore.framework in Frameworks */,
				D96A218D1B9DAA9D002C09FD /* CoreLocation.framework in Frameworks */,
				D96A218B1B9DAA98002C09FD /* CoreGraphics.framework in Frameworks */,
				D96A21891B9DAA92002C09FD /* CFNetwork.framework in Frameworks */,
				D96A21871B9DAA8E002C09FD /* AudioToolbox.framework in Frameworks */,
				5F80B4B63F5FB1E1D0BD68FE /* libPods-GummyMe.a in Frameworks */,
			);
			runOnlyForDeploymentPostprocessing = 0;
		};
/* End PBXFrameworksBuildPhase section */

/* Begin PBXGroup section */
		3919EC1DFB6105EC74AC2CF1 /* Pods */ = {
			isa = PBXGroup;
			children = (
				CAEBF0E96C7E9147E59F5879 /* Pods-GummyMe.debug.xcconfig */,
				DAB64660734F1FB71EA1DF68 /* Pods-GummyMe.release.xcconfig */,
			);
			name = Pods;
			sourceTree = "<group>";
		};
		A8AF47152C8EFBA03D22E88D /* Frameworks */ = {
			isa = PBXGroup;
			children = (
				D82DC2F0235BEE109D667C62 /* libPods-GummyMe.a */,
			);
			name = Frameworks;
			path = ..;
			sourceTree = "<group>";
		};
		D95C1D7B1B9D5DDD00B83DC9 = {
			isa = PBXGroup;
			children = (
				D95C1D861B9D5DDD00B83DC9 /* GummyMe */,
				D95C1D851B9D5DDD00B83DC9 /* Products */,
				3919EC1DFB6105EC74AC2CF1 /* Pods */,
			);
			sourceTree = "<group>";
		};
		D95C1D851B9D5DDD00B83DC9 /* Products */ = {
			isa = PBXGroup;
			children = (
				D95C1D841B9D5DDD00B83DC9 /* GummyMe.app */,
			);
			name = Products;
			sourceTree = "<group>";
		};
		D95C1D861B9D5DDD00B83DC9 /* GummyMe */ = {
			isa = PBXGroup;
			children = (
				D96A21AB1B9DE1BF002C09FD /* Library */,
				D96A21771B9DAA5B002C09FD /* Parse */,
				D95C1DAF1B9D83E400B83DC9 /* Controller */,
				D95C1DAC1B9D803C00B83DC9 /* Model */,
				D95C1D9F1B9D641C00B83DC9 /* View */,
				D95C1D871B9D5DDD00B83DC9 /* AppDelegate.swift */,
				D95C1D8B1B9D5DDD00B83DC9 /* Main.storyboard */,
				D95C1D8E1B9D5DDD00B83DC9 /* Assets.xcassets */,
				D95C1D901B9D5DDD00B83DC9 /* LaunchScreen.storyboard */,
				D95C1D9D1B9D62B900B83DC9 /* himara2.jpeg */,
				D95C1DA21B9D64D900B83DC9 /* sours.jpg */,
				D95C1D931B9D5DDD00B83DC9 /* Info.plist */,
				D95C1DA41B9D68E800B83DC9 /* TabViewController.swift */,
				D96A21A51B9DDB80002C09FD /* GummyMe-Bridging-Header.h */,
				A8AF47152C8EFBA03D22E88D /* Frameworks */,
			);
			path = GummyMe;
			sourceTree = "<group>";
		};
		D95C1D9F1B9D641C00B83DC9 /* View */ = {
			isa = PBXGroup;
			children = (
				D96A219D1B9DAF01002C09FD /* New */,
				D95C1DB31B9D858F00B83DC9 /* Detail */,
				D95C1DB21B9D858A00B83DC9 /* Home */,
			);
			name = View;
			sourceTree = "<group>";
		};
		D95C1DAC1B9D803C00B83DC9 /* Model */ = {
			isa = PBXGroup;
			children = (
				D96A21A21B9DD54B002C09FD /* Entity */,
				D96A219A1B9DAD15002C09FD /* Service */,
			);
			name = Model;
			sourceTree = "<group>";
		};
		D95C1DAF1B9D83E400B83DC9 /* Controller */ = {
			isa = PBXGroup;
			children = (
				D95C1D991B9D5E7400B83DC9 /* HomeViewController.swift */,
				D95C1DA61B9D742B00B83DC9 /* NewGummyViewController.swift */,
				D95C1DB01B9D83F300B83DC9 /* DetailViewController.swift */,
				D95C1DB61B9D87EB00B83DC9 /* ProfileViewController.swift */,
				D95C1DB91B9D8D3200B83DC9 /* GummySelectTableViewController.swift */,
			);
			name = Controller;
			sourceTree = "<group>";
		};
		D95C1DB21B9D858A00B83DC9 /* Home */ = {
			isa = PBXGroup;
			children = (
				D95C1DA01B9D643A00B83DC9 /* HomeGummyCell.swift */,
			);
			name = Home;
			sourceTree = "<group>";
		};
		D95C1DB31B9D858F00B83DC9 /* Detail */ = {
			isa = PBXGroup;
			children = (
				D95C1DB41B9D85A500B83DC9 /* DetailImageCell.swift */,
			);
			name = Detail;
			sourceTree = "<group>";
		};
		D96A21771B9DAA5B002C09FD /* Parse */ = {
			isa = PBXGroup;
			children = (
				D96A21A91B9DDCE2002C09FD /* Social.framework */,
				D96A21981B9DAACC002C09FD /* libsqlite3.tbd */,
				D96A21961B9DAAC6002C09FD /* libz.tbd */,
				D96A21941B9DAAB6002C09FD /* SystemConfiguration.framework */,
				D96A21921B9DAAAD002C09FD /* StoreKit.framework */,
				D96A21901B9DAAA7002C09FD /* Security.framework */,
				D96A218E1B9DAAA2002C09FD /* QuartzCore.framework */,
				D96A218C1B9DAA9D002C09FD /* CoreLocation.framework */,
				D96A218A1B9DAA98002C09FD /* CoreGraphics.framework */,
				D96A21881B9DAA92002C09FD /* CFNetwork.framework */,
				D96A21861B9DAA8E002C09FD /* AudioToolbox.framework */,
			);
			name = Parse;
			sourceTree = "<group>";
		};
		D96A219A1B9DAD15002C09FD /* Service */ = {
			isa = PBXGroup;
			children = (
				D96A219B1B9DAD29002C09FD /* GummyService.swift */,
			);
			name = Service;
			sourceTree = "<group>";
		};
		D96A219D1B9DAF01002C09FD /* New */ = {
			isa = PBXGroup;
			children = (
				D95C1DA81B9D7A4A00B83DC9 /* ImageNoteCell.swift */,
				D96A219E1B9DAF1B002C09FD /* SelectTypeCell.swift */,
				D96A21A01B9DB131002C09FD /* ReviewCell.swift */,
			);
			name = New;
			sourceTree = "<group>";
		};
		D96A21A21B9DD54B002C09FD /* Entity */ = {
			isa = PBXGroup;
			children = (
				D95C1DAD1B9D804A00B83DC9 /* NewGummyInfo.swift */,
				D96A21A31B9DD55E002C09FD /* Gummy.swift */,
			);
			name = Entity;
			sourceTree = "<group>";
		};
		D96A21AB1B9DE1BF002C09FD /* Library */ = {
			isa = PBXGroup;
			children = (
				D96A21AC1B9DE1CB002C09FD /* Util.swift */,
			);
			name = Library;
			sourceTree = "<group>";
		};
/* End PBXGroup section */

/* Begin PBXNativeTarget section */
		D95C1D831B9D5DDD00B83DC9 /* GummyMe */ = {
			isa = PBXNativeTarget;
			buildConfigurationList = D95C1D961B9D5DDD00B83DC9 /* Build configuration list for PBXNativeTarget "GummyMe" */;
			buildPhases = (
				19985FBCC7E8237D7FD5E49F /* Check Pods Manifest.lock */,
				D95C1D801B9D5DDD00B83DC9 /* Sources */,
				D95C1D811B9D5DDD00B83DC9 /* Frameworks */,
				D95C1D821B9D5DDD00B83DC9 /* Resources */,
				56ED3214D52685CA029B2FA0 /* Copy Pods Resources */,
			);
			buildRules = (
			);
			dependencies = (
			);
			name = GummyMe;
			productName = GummyMe;
			productReference = D95C1D841B9D5DDD00B83DC9 /* GummyMe.app */;
			productType = "com.apple.product-type.application";
		};
/* End PBXNativeTarget section */

/* Begin PBXProject section */
		D95C1D7C1B9D5DDD00B83DC9 /* Project object */ = {
			isa = PBXProject;
			attributes = {
				LastSwiftUpdateCheck = 0700;
				LastUpgradeCheck = 0700;
				ORGANIZATIONNAME = "Ryosuke Hiramatsu";
				TargetAttributes = {
					D95C1D831B9D5DDD00B83DC9 = {
						CreatedOnToolsVersion = 7.0;
					};
				};
			};
			buildConfigurationList = D95C1D7F1B9D5DDD00B83DC9 /* Build configuration list for PBXProject "GummyMe" */;
			compatibilityVersion = "Xcode 3.2";
			developmentRegion = English;
			hasScannedForEncodings = 0;
			knownRegions = (
				en,
				Base,
			);
			mainGroup = D95C1D7B1B9D5DDD00B83DC9;
			productRefGroup = D95C1D851B9D5DDD00B83DC9 /* Products */;
			projectDirPath = "";
			projectRoot = "";
			targets = (
				D95C1D831B9D5DDD00B83DC9 /* GummyMe */,
			);
		};
/* End PBXProject section */

/* Begin PBXResourcesBuildPhase section */
		D95C1D821B9D5DDD00B83DC9 /* Resources */ = {
			isa = PBXResourcesBuildPhase;
			buildActionMask = 2147483647;
			files = (
				D95C1D921B9D5DDD00B83DC9 /* LaunchScreen.storyboard in Resources */,
				D95C1D8F1B9D5DDD00B83DC9 /* Assets.xcassets in Resources */,
				D95C1D9E1B9D62BA00B83DC9 /* himara2.jpeg in Resources */,
				D95C1D8D1B9D5DDD00B83DC9 /* Main.storyboard in Resources */,
				D95C1DA31B9D64D900B83DC9 /* sours.jpg in Resources */,
			);
			runOnlyForDeploymentPostprocessing = 0;
		};
/* End PBXResourcesBuildPhase section */

/* Begin PBXShellScriptBuildPhase section */
		19985FBCC7E8237D7FD5E49F /* Check Pods Manifest.lock */ = {
			isa = PBXShellScriptBuildPhase;
			buildActionMask = 2147483647;
			files = (
			);
			inputPaths = (
			);
			name = "Check Pods Manifest.lock";
			outputPaths = (
			);
			runOnlyForDeploymentPostprocessing = 0;
			shellPath = /bin/sh;
			shellScript = "diff \"${PODS_ROOT}/../Podfile.lock\" \"${PODS_ROOT}/Manifest.lock\" > /dev/null\nif [[ $? != 0 ]] ; then\n    cat << EOM\nerror: The sandbox is not in sync with the Podfile.lock. Run 'pod install' or update your CocoaPods installation.\nEOM\n    exit 1\nfi\n";
			showEnvVarsInLog = 0;
		};
		56ED3214D52685CA029B2FA0 /* Copy Pods Resources */ = {
			isa = PBXShellScriptBuildPhase;
			buildActionMask = 2147483647;
			files = (
			);
			inputPaths = (
			);
			name = "Copy Pods Resources";
			outputPaths = (
			);
			runOnlyForDeploymentPostprocessing = 0;
			shellPath = /bin/sh;
			shellScript = "\"${SRCROOT}/Pods/Target Support Files/Pods-GummyMe/Pods-GummyMe-resources.sh\"\n";
			showEnvVarsInLog = 0;
		};
/* End PBXShellScriptBuildPhase section */

/* Begin PBXSourcesBuildPhase section */
		D95C1D801B9D5DDD00B83DC9 /* Sources */ = {
			isa = PBXSourcesBuildPhase;
			buildActionMask = 2147483647;
			files = (
				D95C1DA51B9D68E800B83DC9 /* TabViewController.swift in Sources */,
				D96A219C1B9DAD29002C09FD /* GummyService.swift in Sources */,
				D95C1DA11B9D643A00B83DC9 /* HomeGummyCell.swift in Sources */,
				D96A21AD1B9DE1CB002C09FD /* Util.swift in Sources */,
				D96A219F1B9DAF1B002C09FD /* SelectTypeCell.swift in Sources */,
				D95C1DBA1B9D8D3200B83DC9 /* GummySelectTableViewController.swift in Sources */,
				D95C1DB71B9D87EB00B83DC9 /* ProfileViewController.swift in Sources */,
				D95C1D881B9D5DDD00B83DC9 /* AppDelegate.swift in Sources */,
				D95C1DA91B9D7A4A00B83DC9 /* ImageNoteCell.swift in Sources */,
				D95C1DAE1B9D804A00B83DC9 /* NewGummyInfo.swift in Sources */,
				D95C1DB51B9D85A500B83DC9 /* DetailImageCell.swift in Sources */,
				D95C1DA71B9D742B00B83DC9 /* NewGummyViewController.swift in Sources */,
				D95C1D9A1B9D5E7400B83DC9 /* HomeViewController.swift in Sources */,
				D95C1DB11B9D83F300B83DC9 /* DetailViewController.swift in Sources */,
				D96A21A11B9DB131002C09FD /* ReviewCell.swift in Sources */,
				D96A21A41B9DD55E002C09FD /* Gummy.swift in Sources */,
			);
			runOnlyForDeploymentPostprocessing = 0;
		};
/* End PBXSourcesBuildPhase section */

/* Begin PBXVariantGroup section */
		D95C1D8B1B9D5DDD00B83DC9 /* Main.storyboard */ = {
			isa = PBXVariantGroup;
			children = (
				D95C1D8C1B9D5DDD00B83DC9 /* Base */,
			);
			name = Main.storyboard;
			sourceTree = "<group>";
		};
		D95C1D901B9D5DDD00B83DC9 /* LaunchScreen.storyboard */ = {
			isa = PBXVariantGroup;
			children = (
				D95C1D911B9D5DDD00B83DC9 /* Base */,
			);
			name = LaunchScreen.storyboard;
			sourceTree = "<group>";
		};
/* End PBXVariantGroup section */

/* Begin XCBuildConfiguration section */
		D95C1D941B9D5DDD00B83DC9 /* Debug */ = {
			isa = XCBuildConfiguration;
			buildSettings = {
				ALWAYS_SEARCH_USER_PATHS = NO;
				CLANG_CXX_LANGUAGE_STANDARD = "gnu++0x";
				CLANG_CXX_LIBRARY = "libc++";
				CLANG_ENABLE_MODULES = YES;
				CLANG_ENABLE_OBJC_ARC = YES;
				CLANG_WARN_BOOL_CONVERSION = YES;
				CLANG_WARN_CONSTANT_CONVERSION = YES;
				CLANG_WARN_DIRECT_OBJC_ISA_USAGE = YES_ERROR;
				CLANG_WARN_EMPTY_BODY = YES;
				CLANG_WARN_ENUM_CONVERSION = YES;
				CLANG_WARN_INT_CONVERSION = YES;
				CLANG_WARN_OBJC_ROOT_CLASS = YES_ERROR;
				CLANG_WARN_UNREACHABLE_CODE = YES;
				CLANG_WARN__DUPLICATE_METHOD_MATCH = YES;
				"CODE_SIGN_IDENTITY[sdk=iphoneos*]" = "iPhone Developer";
				COPY_PHASE_STRIP = NO;
				DEBUG_INFORMATION_FORMAT = dwarf;
				ENABLE_STRICT_OBJC_MSGSEND = YES;
				ENABLE_TESTABILITY = YES;
				GCC_C_LANGUAGE_STANDARD = gnu99;
				GCC_DYNAMIC_NO_PIC = NO;
				GCC_NO_COMMON_BLOCKS = YES;
				GCC_OPTIMIZATION_LEVEL = 0;
				GCC_PREPROCESSOR_DEFINITIONS = (
					"DEBUG=1",
					"$(inherited)",
				);
				GCC_WARN_64_TO_32_BIT_CONVERSION = YES;
				GCC_WARN_ABOUT_RETURN_TYPE = YES_ERROR;
				GCC_WARN_UNDECLARED_SELECTOR = YES;
				GCC_WARN_UNINITIALIZED_AUTOS = YES_AGGRESSIVE;
				GCC_WARN_UNUSED_FUNCTION = YES;
				GCC_WARN_UNUSED_VARIABLE = YES;
				IPHONEOS_DEPLOYMENT_TARGET = 9.0;
				MTL_ENABLE_DEBUG_INFO = YES;
				ONLY_ACTIVE_ARCH = YES;
				SDKROOT = iphoneos;
				SWIFT_OPTIMIZATION_LEVEL = "-Onone";
			};
			name = Debug;
		};
		D95C1D951B9D5DDD00B83DC9 /* Release */ = {
			isa = XCBuildConfiguration;
			buildSettings = {
				ALWAYS_SEARCH_USER_PATHS = NO;
				CLANG_CXX_LANGUAGE_STANDARD = "gnu++0x";
				CLANG_CXX_LIBRARY = "libc++";
				CLANG_ENABLE_MODULES = YES;
				CLANG_ENABLE_OBJC_ARC = YES;
				CLANG_WARN_BOOL_CONVERSION = YES;
				CLANG_WARN_CONSTANT_CONVERSION = YES;
				CLANG_WARN_DIRECT_OBJC_ISA_USAGE = YES_ERROR;
				CLANG_WARN_EMPTY_BODY = YES;
				CLANG_WARN_ENUM_CONVERSION = YES;
				CLANG_WARN_INT_CONVERSION = YES;
				CLANG_WARN_OBJC_ROOT_CLASS = YES_ERROR;
				CLANG_WARN_UNREACHABLE_CODE = YES;
				CLANG_WARN__DUPLICATE_METHOD_MATCH = YES;
				"CODE_SIGN_IDENTITY[sdk=iphoneos*]" = "iPhone Developer";
				COPY_PHASE_STRIP = NO;
				DEBUG_INFORMATION_FORMAT = "dwarf-with-dsym";
				ENABLE_NS_ASSERTIONS = NO;
				ENABLE_STRICT_OBJC_MSGSEND = YES;
				GCC_C_LANGUAGE_STANDARD = gnu99;
				GCC_NO_COMMON_BLOCKS = YES;
				GCC_WARN_64_TO_32_BIT_CONVERSION = YES;
				GCC_WARN_ABOUT_RETURN_TYPE = YES_ERROR;
				GCC_WARN_UNDECLARED_SELECTOR = YES;
				GCC_WARN_UNINITIALIZED_AUTOS = YES_AGGRESSIVE;
				GCC_WARN_UNUSED_FUNCTION = YES;
				GCC_WARN_UNUSED_VARIABLE = YES;
				IPHONEOS_DEPLOYMENT_TARGET = 9.0;
				MTL_ENABLE_DEBUG_INFO = NO;
				SDKROOT = iphoneos;
				VALIDATE_PRODUCT = YES;
			};
			name = Release;
		};
		D95C1D971B9D5DDD00B83DC9 /* Debug */ = {
			isa = XCBuildConfiguration;
			baseConfigurationReference = CAEBF0E96C7E9147E59F5879 /* Pods-GummyMe.debug.xcconfig */;
			buildSettings = {
				ASSETCATALOG_COMPILER_APPICON_NAME = AppIcon;
				CLANG_ENABLE_MODULES = YES;
				FRAMEWORK_SEARCH_PATHS = (
					"$(inherited)",
					"$(PROJECT_DIR)/GummyMe",
				);
				INFOPLIST_FILE = GummyMe/Info.plist;
				LD_RUNPATH_SEARCH_PATHS = "$(inherited) @executable_path/Frameworks";
				PRODUCT_BUNDLE_IDENTIFIER = in.mashroom.GummyMe;
				PRODUCT_NAME = "$(TARGET_NAME)";
				SWIFT_OBJC_BRIDGING_HEADER = "GummyMe-Bridging-Header.h";
				SWIFT_OPTIMIZATION_LEVEL = "-Onone";
			};
			name = Debug;
		};
		D95C1D981B9D5DDD00B83DC9 /* Release */ = {
			isa = XCBuildConfiguration;
			baseConfigurationReference = DAB64660734F1FB71EA1DF68 /* Pods-GummyMe.release.xcconfig */;
			buildSettings = {
				ASSETCATALOG_COMPILER_APPICON_NAME = AppIcon;
				CLANG_ENABLE_MODULES = YES;
				FRAMEWORK_SEARCH_PATHS = (
					"$(inherited)",
					"$(PROJECT_DIR)/GummyMe",
				);
				INFOPLIST_FILE = GummyMe/Info.plist;
				LD_RUNPATH_SEARCH_PATHS = "$(inherited) @executable_path/Frameworks";
				PRODUCT_BUNDLE_IDENTIFIER = in.mashroom.GummyMe;
				PRODUCT_NAME = "$(TARGET_NAME)";
				SWIFT_OBJC_BRIDGING_HEADER = "GummyMe-Bridging-Header.h";
			};
			name = Release;
		};
/* End XCBuildConfiguration section */

/* Begin XCConfigurationList section */
		D95C1D7F1B9D5DDD00B83DC9 /* Build configuration list for PBXProject "GummyMe" */ = {
			isa = XCConfigurationList;
			buildConfigurations = (
				D95C1D941B9D5DDD00B83DC9 /* Debug */,
				D95C1D951B9D5DDD00B83DC9 /* Release */,
			);
			defaultConfigurationIsVisible = 0;
			defaultConfigurationName = Release;
		};
		D95C1D961B9D5DDD00B83DC9 /* Build configuration list for PBXNativeTarget "GummyMe" */ = {
			isa = XCConfigurationList;
			buildConfigurations = (
				D95C1D971B9D5DDD00B83DC9 /* Debug */,
				D95C1D981B9D5DDD00B83DC9 /* Release */,
			);
			defaultConfigurationIsVisible = 0;
			defaultConfigurationName = Release;
		};
/* End XCConfigurationList section */
	};
	rootObject = D95C1D7C1B9D5DDD00B83DC9 /* Project object */;
}
